{
  "nodes": {
    "flake-parts": {
      "inputs": {
        "nixpkgs-lib": "nixpkgs-lib"
      },
      "locked": {
        "lastModified": 1760948891,
        "narHash": "sha256-TmWcdiUUaWk8J4lpjzu4gCGxWY6/Ok7mOK4fIFfBuU4=",
        "owner": "hercules-ci",
        "repo": "flake-parts",
        "rev": "864599284fc7c0ba6357ed89ed5e2cd5040f0c04",
        "type": "github"
      },
      "original": {
        "owner": "hercules-ci",
        "repo": "flake-parts",
        "type": "github"
      }
    },
    "freecad-src": {
      "flake": false,
      "locked": {
        "lastModified": 1761242714,
        "narHash": "sha256-3EgTxgZxDd4WF+pg90iLHG42uAuem8Ksix8maQrPlkw=",
        "ref": "refs/heads/main",
        "rev": "c7c068be6e6eef7154dab1c0f87314b11674116f",
        "revCount": 44039,
        "submodules": true,
        "type": "git",
        "url": "https://github.com/FreeCAD/FreeCAD.git"
      },
      "original": {
        "submodules": true,
        "type": "git",
        "url": "https://github.com/FreeCAD/FreeCAD.git"
      }
    },
    "nixpkgs": {
      "locked": {
        "lastModified": 1761166759,
        "narHash": "sha256-DTTTjEVRxEBLHoiCJ2xZL+IOZ7Vw2PnnGintfZt16QM=",
        "owner": "NixOS",
        "repo": "nixpkgs",
        "rev": "01b6809f7f9d1183a2b3e081f0a1e6f8f415cb09",
        "type": "github"
      },
      "original": {
        "owner": "NixOS",
        "ref": "nixpkgs-unstable",
        "repo": "nixpkgs",
        "type": "github"
      }
    },
    "nixpkgs-lib": {
      "locked": {
        "lastModified": 1754788789,
        "narHash": "sha256-x2rJ+Ovzq0sCMpgfgGaaqgBSwY+LST+WbZ6TytnT9Rk=",
        "owner": "nix-community",
        "repo": "nixpkgs.lib",
        "rev": "a73b9c743612e4244d865a2fdee11865283c04e6",
        "type": "github"
      },
      "original": {
        "owner": "nix-community",
        "repo": "nixpkgs.lib",
        "type": "github"
      }
    },
    "root": {
      "inputs": {
        "flake-parts": "flake-parts",
        "freecad-src": "freecad-src",
        "nixpkgs": "nixpkgs"
      }
    }
  },
  "root": "root",
  "version": 7
}
